
Microsoft Visual Studio Solution File, Format Version 12.00
# Visual Studio Version 16
VisualStudioVersion = 16.0.30907.101
MinimumVisualStudioVersion = 10.0.40219.1
Project("{FAE04EC0-301F-11D3-BF4B-00C04F79EFBC}") = "GameDemoProject", "GameDemoProject\GameDemoProject.csproj", "{B64AE51C-9997-4A33-BBCF-A82179AC9EA1}"
EndProject
Global
	GlobalSection(SolutionConfigurationPlatforms) = preSolution
		Debug|Any CPU = Debug|Any CPU
		Release|Any CPU = Release|Any CPU
	EndGlobalSection
	GlobalSection(ProjectConfigurationPlatforms) = postSolution
		{B64AE51C-9997-4A33-BBCF-A82179AC9EA1}.Debug|Any CPU.ActiveCfg = Debug|Any CPU
		{B64AE51C-9997-4A33-BBCF-A82179AC9EA1}.Debug|Any CPU.Build.0 = Debug|Any CPU
		{B64AE51C-9997-4A33-BBCF-A82179AC9EA1}.Release|Any CPU.ActiveCfg = Release|Any CPU
		{B64AE51C-9997-4A33-BBCF-A82179AC9EA1}.Release|Any CPU.Build.0 = Release|Any CPU
	EndGlobalSection
	GlobalSection(SolutionProperties) = preSolution
		HideSolutionNode = FALSE
	EndGlobalSection
	GlobalSection(ExtensibilityGlobals) = postSolution
		SolutionGuid = {90AB4E67-1660-4017-94FB-542D2A21A219}
	EndGlobalSection
EndGlobal
